{
    "name": "scm-slang",
    "lockfileVersion": 2,
    "requires": true,
    "packages": {
        "": {
            "name": "scm-slang",
            "license": "Apache-2.0",
            "dependencies": {
                "@types/estree": "^1.0.0",
                "eval-estree-expression": "^1.1.0",
                "readline-sync": "^1.4.10"
            },
            "devDependencies": {
                "@types/node": "^18.11.18"
            }
        },
        "node_modules/@types/estree": {
            "version": "1.0.0",
            "resolved": "https://registry.npmjs.org/@types/estree/-/estree-1.0.0.tgz",
            "integrity": "sha512-WulqXMDUTYAXCjZnk6JtIHPigp55cVtDgDrO2gHRwhyJto21+1zbVCtOYB2L1F9w4qCQ0rOGWBnBe0FNTiEJIQ=="
        },
        "node_modules/@types/node": {
            "version": "18.11.18",
            "resolved": "https://registry.npmjs.org/@types/node/-/node-18.11.18.tgz",
            "integrity": "sha512-DHQpWGjyQKSHj3ebjFI/wRKcqQcdR+MoFBygntYOZytCqNfkd2ZC4ARDJ2DQqhjH5p85Nnd3jhUJIXrszFX/JA==",
            "dev": true
        },
        "node_modules/eval-estree-expression": {
            "version": "1.1.0",
            "resolved": "https://registry.npmjs.org/eval-estree-expression/-/eval-estree-expression-1.1.0.tgz",
            "integrity": "sha512-6ZAHSb0wsqxutjk2lXZcW7btSc51I8BhlIetit0wIf5sOb5xDNBrIqe0g8RFyQ/EW6Xwn1szrtButztU7Vdj1Q=="
        },
        "node_modules/readline-sync": {
            "version": "1.4.10",
            "resolved": "https://registry.npmjs.org/readline-sync/-/readline-sync-1.4.10.tgz",
            "integrity": "sha512-gNva8/6UAe8QYepIQH/jQ2qn91Qj0B9sYjMBBs3QOB8F2CXcKgLxQaJRP76sWVRQt+QU+8fAkCbCvjjMFu7Ycw==",
            "engines": {
                "node": ">= 0.8.0"
            }
        }
    },
    "dependencies": {
        "@types/estree": {
            "version": "1.0.0",
            "resolved": "https://registry.npmjs.org/@types/estree/-/estree-1.0.0.tgz",
            "integrity": "sha512-WulqXMDUTYAXCjZnk6JtIHPigp55cVtDgDrO2gHRwhyJto21+1zbVCtOYB2L1F9w4qCQ0rOGWBnBe0FNTiEJIQ=="
        },
        "@types/node": {
            "version": "18.11.18",
            "resolved": "https://registry.npmjs.org/@types/node/-/node-18.11.18.tgz",
            "integrity": "sha512-DHQpWGjyQKSHj3ebjFI/wRKcqQcdR+MoFBygntYOZytCqNfkd2ZC4ARDJ2DQqhjH5p85Nnd3jhUJIXrszFX/JA==",
            "dev": true
        },
        "eval-estree-expression": {
            "version": "1.1.0",
            "resolved": "https://registry.npmjs.org/eval-estree-expression/-/eval-estree-expression-1.1.0.tgz",
            "integrity": "sha512-6ZAHSb0wsqxutjk2lXZcW7btSc51I8BhlIetit0wIf5sOb5xDNBrIqe0g8RFyQ/EW6Xwn1szrtButztU7Vdj1Q=="
        },
        "readline-sync": {
            "version": "1.4.10",
            "resolved": "https://registry.npmjs.org/readline-sync/-/readline-sync-1.4.10.tgz",
            "integrity": "sha512-gNva8/6UAe8QYepIQH/jQ2qn91Qj0B9sYjMBBs3QOB8F2CXcKgLxQaJRP76sWVRQt+QU+8fAkCbCvjjMFu7Ycw=="
        }
    }
}
